
Microsoft Visual Studio Solution File, Format Version 12.00
# Visual Studio Version 16
VisualStudioVersion = 16.0.29424.173
MinimumVisualStudioVersion = 10.0.40219.1
Project("{FAE04EC0-301F-11D3-BF4B-00C04F79EFBC}") = "SoftwareComplex", "MonteCarloAsync\SoftwareComplex.csproj", "{97695803-5C70-4DCA-A7FC-AC2C8883DAFD}"
EndProject
Global
	GlobalSection(SolutionConfigurationPlatforms) = preSolution
		Debug|Any CPU = Debug|Any CPU
		Debug|x64 = Debug|x64
		Debug|x86 = Debug|x86
		Release|Any CPU = Release|Any CPU
		Release|x64 = Release|x64
		Release|x86 = Release|x86
	EndGlobalSection
	GlobalSection(ProjectConfigurationPlatforms) = postSolution
		{97695803-5C70-4DCA-A7FC-AC2C8883DAFD}.Debug|Any CPU.ActiveCfg = Debug|Any CPU
		{97695803-5C70-4DCA-A7FC-AC2C8883DAFD}.Debug|Any CPU.Build.0 = Debug|Any CPU
		{97695803-5C70-4DCA-A7FC-AC2C8883DAFD}.Debug|x64.ActiveCfg = Debug|x64
		{97695803-5C70-4DCA-A7FC-AC2C8883DAFD}.Debug|x64.Build.0 = Debug|x64
		{97695803-5C70-4DCA-A7FC-AC2C8883DAFD}.Debug|x86.ActiveCfg = Debug|x86
		{97695803-5C70-4DCA-A7FC-AC2C8883DAFD}.Debug|x86.Build.0 = Debug|x86
		{97695803-5C70-4DCA-A7FC-AC2C8883DAFD}.Release|Any CPU.ActiveCfg = Release|Any CPU
		{97695803-5C70-4DCA-A7FC-AC2C8883DAFD}.Release|Any CPU.Build.0 = Release|Any CPU
		{97695803-5C70-4DCA-A7FC-AC2C8883DAFD}.Release|x64.ActiveCfg = Release|x64
		{97695803-5C70-4DCA-A7FC-AC2C8883DAFD}.Release|x64.Build.0 = Release|x64
		{97695803-5C70-4DCA-A7FC-AC2C8883DAFD}.Release|x86.ActiveCfg = Release|x86
		{97695803-5C70-4DCA-A7FC-AC2C8883DAFD}.Release|x86.Build.0 = Release|x86
	EndGlobalSection
	GlobalSection(SolutionProperties) = preSolution
		HideSolutionNode = FALSE
	EndGlobalSection
	GlobalSection(ExtensibilityGlobals) = postSolution
		SolutionGuid = {6CA49254-A011-4CA3-B43E-307BBE0C3888}
	EndGlobalSection
EndGlobal
